
Microsoft Visual Studio Solution File, Format Version 12.00
# Visual Studio Version 16
VisualStudioVersion = 16.0.32802.440
MinimumVisualStudioVersion = 10.0.40219.1
Project("{FAE04EC0-301F-11D3-BF4B-00C04F79EFBC}") = "CallingMethods", "CallingMethods\CallingMethods.csproj", "{03D3B761-D233-4B26-978B-932C57F6D754}"
EndProject
Global
	GlobalSection(SolutionConfigurationPlatforms) = preSolution
		Debug|Any CPU = Debug|Any CPU
		Release|Any CPU = Release|Any CPU
	EndGlobalSection
	GlobalSection(ProjectConfigurationPlatforms) = postSolution
		{03D3B761-D233-4B26-978B-932C57F6D754}.Debug|Any CPU.ActiveCfg = Debug|Any CPU
		{03D3B761-D233-4B26-978B-932C57F6D754}.Debug|Any CPU.Build.0 = Debug|Any CPU
		{03D3B761-D233-4B26-978B-932C57F6D754}.Release|Any CPU.ActiveCfg = Release|Any CPU
		{03D3B761-D233-4B26-978B-932C57F6D754}.Release|Any CPU.Build.0 = Release|Any CPU
	EndGlobalSection
	GlobalSection(SolutionProperties) = preSolution
		HideSolutionNode = FALSE
	EndGlobalSection
	GlobalSection(ExtensibilityGlobals) = postSolution
		SolutionGuid = {55360FEF-CF76-4813-8259-0CF10961C05A}
	EndGlobalSection
EndGlobal
