
Microsoft Visual Studio Solution File, Format Version 12.00
# Visual Studio Version 16
VisualStudioVersion = 16.0.32802.440
MinimumVisualStudioVersion = 10.0.40219.1
Project("{FAE04EC0-301F-11D3-BF4B-00C04F79EFBC}") = "Scores", "Scores\Scores.csproj", "{30FA56AE-8175-40EC-BDCD-FF42E67D638B}"
EndProject
Global
	GlobalSection(SolutionConfigurationPlatforms) = preSolution
		Debug|Any CPU = Debug|Any CPU
		Release|Any CPU = Release|Any CPU
	EndGlobalSection
	GlobalSection(ProjectConfigurationPlatforms) = postSolution
		{30FA56AE-8175-40EC-BDCD-FF42E67D638B}.Debug|Any CPU.ActiveCfg = Debug|Any CPU
		{30FA56AE-8175-40EC-BDCD-FF42E67D638B}.Debug|Any CPU.Build.0 = Debug|Any CPU
		{30FA56AE-8175-40EC-BDCD-FF42E67D638B}.Release|Any CPU.ActiveCfg = Release|Any CPU
		{30FA56AE-8175-40EC-BDCD-FF42E67D638B}.Release|Any CPU.Build.0 = Release|Any CPU
	EndGlobalSection
	GlobalSection(SolutionProperties) = preSolution
		HideSolutionNode = FALSE
	EndGlobalSection
	GlobalSection(ExtensibilityGlobals) = postSolution
		SolutionGuid = {B07DBC8C-A82D-4BBE-B68E-BE77C85B2ED5}
	EndGlobalSection
EndGlobal
