
Microsoft Visual Studio Solution File, Format Version 12.00
# Visual Studio Version 16
VisualStudioVersion = 16.0.32802.440
MinimumVisualStudioVersion = 10.0.40219.1
Project("{FAE04EC0-301F-11D3-BF4B-00C04F79EFBC}") = "AbstractClass", "AbstractClass\AbstractClass.csproj", "{169A576C-E5A7-4047-9925-E38C28F43356}"
EndProject
Global
	GlobalSection(SolutionConfigurationPlatforms) = preSolution
		Debug|Any CPU = Debug|Any CPU
		Release|Any CPU = Release|Any CPU
	EndGlobalSection
	GlobalSection(ProjectConfigurationPlatforms) = postSolution
		{169A576C-E5A7-4047-9925-E38C28F43356}.Debug|Any CPU.ActiveCfg = Debug|Any CPU
		{169A576C-E5A7-4047-9925-E38C28F43356}.Debug|Any CPU.Build.0 = Debug|Any CPU
		{169A576C-E5A7-4047-9925-E38C28F43356}.Release|Any CPU.ActiveCfg = Release|Any CPU
		{169A576C-E5A7-4047-9925-E38C28F43356}.Release|Any CPU.Build.0 = Release|Any CPU
	EndGlobalSection
	GlobalSection(SolutionProperties) = preSolution
		HideSolutionNode = FALSE
	EndGlobalSection
	GlobalSection(ExtensibilityGlobals) = postSolution
		SolutionGuid = {088C4819-E7D8-4101-9C89-5381486B3568}
	EndGlobalSection
EndGlobal
